
Microsoft Visual Studio Solution File, Format Version 12.00
# Visual Studio Version 17
VisualStudioVersion = 17.13.35828.75 d17.13
MinimumVisualStudioVersion = 10.0.40219.1
Project("{FAE04EC0-301F-11D3-BF4B-00C04F79EFBC}") = "Exercício06", "Exercício06.csproj", "{995F0634-F45A-4DA3-B90C-9B5DFED60199}"
EndProject
Global
	GlobalSection(SolutionConfigurationPlatforms) = preSolution
		Debug|Any CPU = Debug|Any CPU
		Release|Any CPU = Release|Any CPU
	EndGlobalSection
	GlobalSection(ProjectConfigurationPlatforms) = postSolution
		{995F0634-F45A-4DA3-B90C-9B5DFED60199}.Debug|Any CPU.ActiveCfg = Debug|Any CPU
		{995F0634-F45A-4DA3-B90C-9B5DFED60199}.Debug|Any CPU.Build.0 = Debug|Any CPU
		{995F0634-F45A-4DA3-B90C-9B5DFED60199}.Release|Any CPU.ActiveCfg = Release|Any CPU
		{995F0634-F45A-4DA3-B90C-9B5DFED60199}.Release|Any CPU.Build.0 = Release|Any CPU
	EndGlobalSection
	GlobalSection(SolutionProperties) = preSolution
		HideSolutionNode = FALSE
	EndGlobalSection
	GlobalSection(ExtensibilityGlobals) = postSolution
		SolutionGuid = {14DD79B8-B099-4E83-A4F9-DC5738FEFF7E}
	EndGlobalSection
EndGlobal
