
Microsoft Visual Studio Solution File, Format Version 12.00
# Visual Studio Version 17
VisualStudioVersion = 17.13.35828.75 d17.13
MinimumVisualStudioVersion = 10.0.40219.1
Project("{FAE04EC0-301F-11D3-BF4B-00C04F79EFBC}") = "Exercício05", "Exercício05.csproj", "{33E7B168-7EFA-49DC-B215-50293BB42EFF}"
EndProject
Global
	GlobalSection(SolutionConfigurationPlatforms) = preSolution
		Debug|Any CPU = Debug|Any CPU
		Release|Any CPU = Release|Any CPU
	EndGlobalSection
	GlobalSection(ProjectConfigurationPlatforms) = postSolution
		{33E7B168-7EFA-49DC-B215-50293BB42EFF}.Debug|Any CPU.ActiveCfg = Debug|Any CPU
		{33E7B168-7EFA-49DC-B215-50293BB42EFF}.Debug|Any CPU.Build.0 = Debug|Any CPU
		{33E7B168-7EFA-49DC-B215-50293BB42EFF}.Release|Any CPU.ActiveCfg = Release|Any CPU
		{33E7B168-7EFA-49DC-B215-50293BB42EFF}.Release|Any CPU.Build.0 = Release|Any CPU
	EndGlobalSection
	GlobalSection(SolutionProperties) = preSolution
		HideSolutionNode = FALSE
	EndGlobalSection
	GlobalSection(ExtensibilityGlobals) = postSolution
		SolutionGuid = {6592AF72-0ADE-4A54-A547-1E9DB2EACE56}
	EndGlobalSection
EndGlobal
