
Microsoft Visual Studio Solution File, Format Version 12.00
# Visual Studio Version 17
VisualStudioVersion = 17.13.35828.75 d17.13
MinimumVisualStudioVersion = 10.0.40219.1
Project("{FAE04EC0-301F-11D3-BF4B-00C04F79EFBC}") = "Exercício01", "Exercício01.csproj", "{7EE4F6E8-BC80-4C19-ADEA-147D4A430A05}"
EndProject
Global
	GlobalSection(SolutionConfigurationPlatforms) = preSolution
		Debug|Any CPU = Debug|Any CPU
		Release|Any CPU = Release|Any CPU
	EndGlobalSection
	GlobalSection(ProjectConfigurationPlatforms) = postSolution
		{7EE4F6E8-BC80-4C19-ADEA-147D4A430A05}.Debug|Any CPU.ActiveCfg = Debug|Any CPU
		{7EE4F6E8-BC80-4C19-ADEA-147D4A430A05}.Debug|Any CPU.Build.0 = Debug|Any CPU
		{7EE4F6E8-BC80-4C19-ADEA-147D4A430A05}.Release|Any CPU.ActiveCfg = Release|Any CPU
		{7EE4F6E8-BC80-4C19-ADEA-147D4A430A05}.Release|Any CPU.Build.0 = Release|Any CPU
	EndGlobalSection
	GlobalSection(SolutionProperties) = preSolution
		HideSolutionNode = FALSE
	EndGlobalSection
	GlobalSection(ExtensibilityGlobals) = postSolution
		SolutionGuid = {45FF19F8-B2D4-405E-AF24-7C8F7C8DDD4A}
	EndGlobalSection
EndGlobal
