
Microsoft Visual Studio Solution File, Format Version 12.00
# Visual Studio Version 17
VisualStudioVersion = 17.13.35828.75 d17.13
MinimumVisualStudioVersion = 10.0.40219.1
Project("{FAE04EC0-301F-11D3-BF4B-00C04F79EFBC}") = "Exercício07", "Exercício07.csproj", "{86FCD3B6-8809-49E4-B429-FA2B1958B54A}"
EndProject
Global
	GlobalSection(SolutionConfigurationPlatforms) = preSolution
		Debug|Any CPU = Debug|Any CPU
		Release|Any CPU = Release|Any CPU
	EndGlobalSection
	GlobalSection(ProjectConfigurationPlatforms) = postSolution
		{86FCD3B6-8809-49E4-B429-FA2B1958B54A}.Debug|Any CPU.ActiveCfg = Debug|Any CPU
		{86FCD3B6-8809-49E4-B429-FA2B1958B54A}.Debug|Any CPU.Build.0 = Debug|Any CPU
		{86FCD3B6-8809-49E4-B429-FA2B1958B54A}.Release|Any CPU.ActiveCfg = Release|Any CPU
		{86FCD3B6-8809-49E4-B429-FA2B1958B54A}.Release|Any CPU.Build.0 = Release|Any CPU
	EndGlobalSection
	GlobalSection(SolutionProperties) = preSolution
		HideSolutionNode = FALSE
	EndGlobalSection
	GlobalSection(ExtensibilityGlobals) = postSolution
		SolutionGuid = {DC1FDB42-D89D-4941-AC20-09338DDF45FD}
	EndGlobalSection
EndGlobal
