
Microsoft Visual Studio Solution File, Format Version 12.00
# Visual Studio Version 17
VisualStudioVersion = 17.13.35828.75 d17.13
MinimumVisualStudioVersion = 10.0.40219.1
Project("{FAE04EC0-301F-11D3-BF4B-00C04F79EFBC}") = "Aula01-Ex05", "Aula01-Ex05\Aula01-Ex05.csproj", "{2D65F615-3061-4345-B315-D411C3C9351A}"
EndProject
Global
	GlobalSection(SolutionConfigurationPlatforms) = preSolution
		Debug|Any CPU = Debug|Any CPU
		Release|Any CPU = Release|Any CPU
	EndGlobalSection
	GlobalSection(ProjectConfigurationPlatforms) = postSolution
		{2D65F615-3061-4345-B315-D411C3C9351A}.Debug|Any CPU.ActiveCfg = Debug|Any CPU
		{2D65F615-3061-4345-B315-D411C3C9351A}.Debug|Any CPU.Build.0 = Debug|Any CPU
		{2D65F615-3061-4345-B315-D411C3C9351A}.Release|Any CPU.ActiveCfg = Release|Any CPU
		{2D65F615-3061-4345-B315-D411C3C9351A}.Release|Any CPU.Build.0 = Release|Any CPU
	EndGlobalSection
	GlobalSection(SolutionProperties) = preSolution
		HideSolutionNode = FALSE
	EndGlobalSection
	GlobalSection(ExtensibilityGlobals) = postSolution
		SolutionGuid = {86D5B8E5-BB7D-42AD-8C85-C68F219C78A3}
	EndGlobalSection
EndGlobal
