
Microsoft Visual Studio Solution File, Format Version 12.00
# Visual Studio Version 17
VisualStudioVersion = 17.13.35828.75 d17.13
MinimumVisualStudioVersion = 10.0.40219.1
Project("{FAE04EC0-301F-11D3-BF4B-00C04F79EFBC}") = "Exercício03", "Exercício03.csproj", "{CE353B93-CB7D-46CF-82C2-0E4DF51F5CE8}"
EndProject
Global
	GlobalSection(SolutionConfigurationPlatforms) = preSolution
		Debug|Any CPU = Debug|Any CPU
		Release|Any CPU = Release|Any CPU
	EndGlobalSection
	GlobalSection(ProjectConfigurationPlatforms) = postSolution
		{CE353B93-CB7D-46CF-82C2-0E4DF51F5CE8}.Debug|Any CPU.ActiveCfg = Debug|Any CPU
		{CE353B93-CB7D-46CF-82C2-0E4DF51F5CE8}.Debug|Any CPU.Build.0 = Debug|Any CPU
		{CE353B93-CB7D-46CF-82C2-0E4DF51F5CE8}.Release|Any CPU.ActiveCfg = Release|Any CPU
		{CE353B93-CB7D-46CF-82C2-0E4DF51F5CE8}.Release|Any CPU.Build.0 = Release|Any CPU
	EndGlobalSection
	GlobalSection(SolutionProperties) = preSolution
		HideSolutionNode = FALSE
	EndGlobalSection
	GlobalSection(ExtensibilityGlobals) = postSolution
		SolutionGuid = {BF23E1ED-48F3-49EF-9CCD-767237752D8B}
	EndGlobalSection
EndGlobal
