
Microsoft Visual Studio Solution File, Format Version 12.00
# Visual Studio Version 17
VisualStudioVersion = 17.13.35828.75 d17.13
MinimumVisualStudioVersion = 10.0.40219.1
Project("{FAE04EC0-301F-11D3-BF4B-00C04F79EFBC}") = "Aula02", "Aula02.csproj", "{C6DC8F09-7F0D-4F1C-BEC5-D11B74788B14}"
EndProject
Global
	GlobalSection(SolutionConfigurationPlatforms) = preSolution
		Debug|Any CPU = Debug|Any CPU
		Release|Any CPU = Release|Any CPU
	EndGlobalSection
	GlobalSection(ProjectConfigurationPlatforms) = postSolution
		{C6DC8F09-7F0D-4F1C-BEC5-D11B74788B14}.Debug|Any CPU.ActiveCfg = Debug|Any CPU
		{C6DC8F09-7F0D-4F1C-BEC5-D11B74788B14}.Debug|Any CPU.Build.0 = Debug|Any CPU
		{C6DC8F09-7F0D-4F1C-BEC5-D11B74788B14}.Release|Any CPU.ActiveCfg = Release|Any CPU
		{C6DC8F09-7F0D-4F1C-BEC5-D11B74788B14}.Release|Any CPU.Build.0 = Release|Any CPU
	EndGlobalSection
	GlobalSection(SolutionProperties) = preSolution
		HideSolutionNode = FALSE
	EndGlobalSection
	GlobalSection(ExtensibilityGlobals) = postSolution
		SolutionGuid = {4E4A11B2-0BFA-4D4E-A040-E203796BF8B2}
	EndGlobalSection
EndGlobal
