
Microsoft Visual Studio Solution File, Format Version 12.00
# Visual Studio Version 17
VisualStudioVersion = 17.13.35828.75 d17.13
MinimumVisualStudioVersion = 10.0.40219.1
Project("{FAE04EC0-301F-11D3-BF4B-00C04F79EFBC}") = "Exercício05", "Exercício05.csproj", "{221E3684-25E5-4A64-AD6F-8FECAE798316}"
EndProject
Global
	GlobalSection(SolutionConfigurationPlatforms) = preSolution
		Debug|Any CPU = Debug|Any CPU
		Release|Any CPU = Release|Any CPU
	EndGlobalSection
	GlobalSection(ProjectConfigurationPlatforms) = postSolution
		{221E3684-25E5-4A64-AD6F-8FECAE798316}.Debug|Any CPU.ActiveCfg = Debug|Any CPU
		{221E3684-25E5-4A64-AD6F-8FECAE798316}.Debug|Any CPU.Build.0 = Debug|Any CPU
		{221E3684-25E5-4A64-AD6F-8FECAE798316}.Release|Any CPU.ActiveCfg = Release|Any CPU
		{221E3684-25E5-4A64-AD6F-8FECAE798316}.Release|Any CPU.Build.0 = Release|Any CPU
	EndGlobalSection
	GlobalSection(SolutionProperties) = preSolution
		HideSolutionNode = FALSE
	EndGlobalSection
	GlobalSection(ExtensibilityGlobals) = postSolution
		SolutionGuid = {33B4F478-8C57-4DD0-9993-0FE539D9B1AA}
	EndGlobalSection
EndGlobal
