
Microsoft Visual Studio Solution File, Format Version 12.00
# Visual Studio Version 17
VisualStudioVersion = 17.13.35828.75 d17.13
MinimumVisualStudioVersion = 10.0.40219.1
Project("{FAE04EC0-301F-11D3-BF4B-00C04F79EFBC}") = "Aula03", "Aula03.csproj", "{06708270-6EB7-416E-8CD0-2AB7343A1028}"
EndProject
Global
	GlobalSection(SolutionConfigurationPlatforms) = preSolution
		Debug|Any CPU = Debug|Any CPU
		Release|Any CPU = Release|Any CPU
	EndGlobalSection
	GlobalSection(ProjectConfigurationPlatforms) = postSolution
		{06708270-6EB7-416E-8CD0-2AB7343A1028}.Debug|Any CPU.ActiveCfg = Debug|Any CPU
		{06708270-6EB7-416E-8CD0-2AB7343A1028}.Debug|Any CPU.Build.0 = Debug|Any CPU
		{06708270-6EB7-416E-8CD0-2AB7343A1028}.Release|Any CPU.ActiveCfg = Release|Any CPU
		{06708270-6EB7-416E-8CD0-2AB7343A1028}.Release|Any CPU.Build.0 = Release|Any CPU
	EndGlobalSection
	GlobalSection(SolutionProperties) = preSolution
		HideSolutionNode = FALSE
	EndGlobalSection
	GlobalSection(ExtensibilityGlobals) = postSolution
		SolutionGuid = {F75A78DC-C8EB-428B-91BE-28283F73FF5E}
	EndGlobalSection
EndGlobal
