
Microsoft Visual Studio Solution File, Format Version 12.00
# Visual Studio Version 17
VisualStudioVersion = 17.13.35828.75 d17.13
MinimumVisualStudioVersion = 10.0.40219.1
Project("{FAE04EC0-301F-11D3-BF4B-00C04F79EFBC}") = "Exercício09", "Exercício09.csproj", "{BC3FF710-3DFF-4EC1-AC67-946C989D30B0}"
EndProject
Global
	GlobalSection(SolutionConfigurationPlatforms) = preSolution
		Debug|Any CPU = Debug|Any CPU
		Release|Any CPU = Release|Any CPU
	EndGlobalSection
	GlobalSection(ProjectConfigurationPlatforms) = postSolution
		{BC3FF710-3DFF-4EC1-AC67-946C989D30B0}.Debug|Any CPU.ActiveCfg = Debug|Any CPU
		{BC3FF710-3DFF-4EC1-AC67-946C989D30B0}.Debug|Any CPU.Build.0 = Debug|Any CPU
		{BC3FF710-3DFF-4EC1-AC67-946C989D30B0}.Release|Any CPU.ActiveCfg = Release|Any CPU
		{BC3FF710-3DFF-4EC1-AC67-946C989D30B0}.Release|Any CPU.Build.0 = Release|Any CPU
	EndGlobalSection
	GlobalSection(SolutionProperties) = preSolution
		HideSolutionNode = FALSE
	EndGlobalSection
	GlobalSection(ExtensibilityGlobals) = postSolution
		SolutionGuid = {B471A883-62C5-494C-BE40-C4221388DB99}
	EndGlobalSection
EndGlobal
